
Microsoft Visual Studio Solution File, Format Version 12.00
# Visual Studio Version 17
VisualStudioVersion = 17.9.34701.34
MinimumVisualStudioVersion = 10.0.40219.1
Project("{FAE04EC0-301F-11D3-BF4B-00C04F79EFBC}") = "Bulky", "Bulky.csproj", "{EFFC397C-025F-4BFA-B9B2-BF6CA40DDA38}"
EndProject
Global
	GlobalSection(SolutionConfigurationPlatforms) = preSolution
		Debug|Any CPU = Debug|Any CPU
		Release|Any CPU = Release|Any CPU
	EndGlobalSection
	GlobalSection(ProjectConfigurationPlatforms) = postSolution
		{EFFC397C-025F-4BFA-B9B2-BF6CA40DDA38}.Debug|Any CPU.ActiveCfg = Debug|Any CPU
		{EFFC397C-025F-4BFA-B9B2-BF6CA40DDA38}.Debug|Any CPU.Build.0 = Debug|Any CPU
		{EFFC397C-025F-4BFA-B9B2-BF6CA40DDA38}.Release|Any CPU.ActiveCfg = Release|Any CPU
		{EFFC397C-025F-4BFA-B9B2-BF6CA40DDA38}.Release|Any CPU.Build.0 = Release|Any CPU
	EndGlobalSection
	GlobalSection(SolutionProperties) = preSolution
		HideSolutionNode = FALSE
	EndGlobalSection
	GlobalSection(ExtensibilityGlobals) = postSolution
		SolutionGuid = {74282449-1C0E-40A7-9C47-84B5CBA5FD4F}
	EndGlobalSection
EndGlobal
